
Microsoft Visual Studio Solution File, Format Version 12.00
# Visual Studio Version 16
VisualStudioVersion = 16.0.33801.447
MinimumVisualStudioVersion = 10.0.40219.1
Project("{FAE04EC0-301F-11D3-BF4B-00C04F79EFBC}") = "Web_QLNT", "Web_QLNT\Web_QLNT.csproj", "{C7D019A0-8704-4292-A2E6-40A33CA17CBC}"
EndProject
Global
	GlobalSection(SolutionConfigurationPlatforms) = preSolution
		Debug|Any CPU = Debug|Any CPU
		Release|Any CPU = Release|Any CPU
	EndGlobalSection
	GlobalSection(ProjectConfigurationPlatforms) = postSolution
		{C7D019A0-8704-4292-A2E6-40A33CA17CBC}.Debug|Any CPU.ActiveCfg = Debug|Any CPU
		{C7D019A0-8704-4292-A2E6-40A33CA17CBC}.Debug|Any CPU.Build.0 = Debug|Any CPU
		{C7D019A0-8704-4292-A2E6-40A33CA17CBC}.Release|Any CPU.ActiveCfg = Release|Any CPU
		{C7D019A0-8704-4292-A2E6-40A33CA17CBC}.Release|Any CPU.Build.0 = Release|Any CPU
	EndGlobalSection
	GlobalSection(SolutionProperties) = preSolution
		HideSolutionNode = FALSE
	EndGlobalSection
	GlobalSection(ExtensibilityGlobals) = postSolution
		SolutionGuid = {10D39C20-177E-4522-93C5-7DC72E0E20AA}
	EndGlobalSection
EndGlobal
